
Microsoft Visual Studio Solution File, Format Version 12.00
# Visual Studio Version 16
VisualStudioVersion = 16.0.28729.10
MinimumVisualStudioVersion = 10.0.40219.1
Project("{FAE04EC0-301F-11D3-BF4B-00C04F79EFBC}") = "App1.Android", "App1\App1.Android\App1.Android.csproj", "{B883647B-AB4A-4289-A4DC-14BBA730BF00}"
EndProject
Project("{FAE04EC0-301F-11D3-BF4B-00C04F79EFBC}") = "App1", "App1\App1\App1.csproj", "{2C2FD0A8-4336-4752-A31F-5F2E74AD73F1}"
EndProject
Global
	GlobalSection(SolutionConfigurationPlatforms) = preSolution
		Debug|Any CPU = Debug|Any CPU
		Release|Any CPU = Release|Any CPU
	EndGlobalSection
	GlobalSection(ProjectConfigurationPlatforms) = postSolution
		{B883647B-AB4A-4289-A4DC-14BBA730BF00}.Debug|Any CPU.ActiveCfg = Debug|Any CPU
		{B883647B-AB4A-4289-A4DC-14BBA730BF00}.Debug|Any CPU.Build.0 = Debug|Any CPU
		{B883647B-AB4A-4289-A4DC-14BBA730BF00}.Debug|Any CPU.Deploy.0 = Debug|Any CPU
		{B883647B-AB4A-4289-A4DC-14BBA730BF00}.Release|Any CPU.ActiveCfg = Release|Any CPU
		{B883647B-AB4A-4289-A4DC-14BBA730BF00}.Release|Any CPU.Build.0 = Release|Any CPU
		{B883647B-AB4A-4289-A4DC-14BBA730BF00}.Release|Any CPU.Deploy.0 = Release|Any CPU
		{2C2FD0A8-4336-4752-A31F-5F2E74AD73F1}.Debug|Any CPU.ActiveCfg = Debug|Any CPU
		{2C2FD0A8-4336-4752-A31F-5F2E74AD73F1}.Debug|Any CPU.Build.0 = Debug|Any CPU
		{2C2FD0A8-4336-4752-A31F-5F2E74AD73F1}.Debug|Any CPU.Deploy.0 = Debug|Any CPU
		{2C2FD0A8-4336-4752-A31F-5F2E74AD73F1}.Release|Any CPU.ActiveCfg = Release|Any CPU
		{2C2FD0A8-4336-4752-A31F-5F2E74AD73F1}.Release|Any CPU.Build.0 = Release|Any CPU
		{2C2FD0A8-4336-4752-A31F-5F2E74AD73F1}.Release|Any CPU.Deploy.0 = Release|Any CPU
	EndGlobalSection
	GlobalSection(SolutionProperties) = preSolution
		HideSolutionNode = FALSE
	EndGlobalSection
	GlobalSection(ExtensibilityGlobals) = postSolution
		SolutionGuid = {BD858192-5A93-4F1C-80A3-807A294A5FE6}
	EndGlobalSection
EndGlobal
